// !$*UTF8*$!
{
	archiveVersion = 1;
	classes = {
	};
	objectVersion = 56;
	objects = {

/* Begin PBXBuildFile section */
		3D725E6B2EAABA6200363414 /* TriviaAppApp.swift in Sources */ = {isa = PBXBuildFile; fileRef = 3D725E6A2EAABA6200363414 /* TriviaAppApp.swift */; };
		3D725E6D2EAABA6200363414 /* ContentView.swift in Sources */ = {isa = PBXBuildFile; fileRef = 3D725E6C2EAABA6200363414 /* ContentView.swift */; };
		3D725E6F2EAABA6600363414 /* Assets.xcassets in Resources */ = {isa = PBXBuildFile; fileRef = 3D725E6E2EAABA6600363414 /* Assets.xcassets */; };
		3D725E722EAABA6600363414 /* Preview Assets.xcassets in Resources */ = {isa = PBXBuildFile; fileRef = 3D725E712EAABA6600363414 /* Preview Assets.xcassets */; };
		3D725E792EAABA8100363414 /* Model.swift in Sources */ = {isa = PBXBuildFile; fileRef = 3D725E782EAABA8100363414 /* Model.swift */; };
		3D725E7B2EAABABE00363414 /* ViewModel.swift in Sources */ = {isa = PBXBuildFile; fileRef = 3D725E7A2EAABABE00363414 /* ViewModel.swift */; };
		3D725E7D2EAEE87300363414 /* OptionsView.swift in Sources */ = {isa = PBXBuildFile; fileRef = 3D725E7C2EAEE87300363414 /* OptionsView.swift */; };
		3D725E7F2EAEE88100363414 /* QuestionCardView.swift in Sources */ = {isa = PBXBuildFile; fileRef = 3D725E7E2EAEE88100363414 /* QuestionCardView.swift */; };
		3D725E812EAEE89300363414 /* QuestionListRow.swift in Sources */ = {isa = PBXBuildFile; fileRef = 3D725E802EAEE89300363414 /* QuestionListRow.swift */; };
		3D725E832EAEE8A300363414 /* AnswerRow.swift in Sources */ = {isa = PBXBuildFile; fileRef = 3D725E822EAEE8A300363414 /* AnswerRow.swift */; };
		3D725E852EAEE8B000363414 /* GameView.swift in Sources */ = {isa = PBXBuildFile; fileRef = 3D725E842EAEE8B000363414 /* GameView.swift */; };
/* End PBXBuildFile section */

/* Begin PBXFileReference section */
		3D725E672EAABA6200363414 /* TriviaApp.app */ = {isa = PBXFileReference; explicitFileType = wrapper.application; includeInIndex = 0; path = TriviaApp.app; sourceTree = BUILT_PRODUCTS_DIR; };
		3D725E6A2EAABA6200363414 /* TriviaAppApp.swift */ = {isa = PBXFileReference; lastKnownFileType = sourcecode.swift; path = TriviaAppApp.swift; sourceTree = "<group>"; };
		3D725E6C2EAABA6200363414 /* ContentView.swift */ = {isa = PBXFileReference; lastKnownFileType = sourcecode.swift; path = ContentView.swift; sourceTree = "<group>"; };
		3D725E6E2EAABA6600363414 /* Assets.xcassets */ = {isa = PBXFileReference; lastKnownFileType = folder.assetcatalog; path = Assets.xcassets; sourceTree = "<group>"; };
		3D725E712EAABA6600363414 /* Preview Assets.xcassets */ = {isa = PBXFileReference; lastKnownFileType = folder.assetcatalog; path = "Preview Assets.xcassets"; sourceTree = "<group>"; };
		3D725E782EAABA8100363414 /* Model.swift */ = {isa = PBXFileReference; lastKnownFileType = sourcecode.swift; path = Model.swift; sourceTree = "<group>"; };
		3D725E7A2EAABABE00363414 /* ViewModel.swift */ = {isa = PBXFileReference; lastKnownFileType = sourcecode.swift; path = ViewModel.swift; sourceTree = "<group>"; };
		3D725E7C2EAEE87300363414 /* OptionsView.swift */ = {isa = PBXFileReference; lastKnownFileType = sourcecode.swift; path = OptionsView.swift; sourceTree = "<group>"; };
		3D725E7E2EAEE88100363414 /* QuestionCardView.swift */ = {isa = PBXFileReference; lastKnownFileType = sourcecode.swift; path = QuestionCardView.swift; sourceTree = "<group>"; };
		3D725E802EAEE89300363414 /* QuestionListRow.swift */ = {isa = PBXFileReference; lastKnownFileType = sourcecode.swift; path = QuestionListRow.swift; sourceTree = "<group>"; };
		3D725E822EAEE8A300363414 /* AnswerRow.swift */ = {isa = PBXFileReference; lastKnownFileType = sourcecode.swift; path = AnswerRow.swift; sourceTree = "<group>"; };
		3D725E842EAEE8B000363414 /* GameView.swift */ = {isa = PBXFileReference; lastKnownFileType = sourcecode.swift; path = GameView.swift; sourceTree = "<group>"; };
/* End PBXFileReference section */

/* Begin PBXFrameworksBuildPhase section */
		3D725E642EAABA6200363414 /* Frameworks */ = {
			isa = PBXFrameworksBuildPhase;
			buildActionMask = 2147483647;
			files = (
			);
			runOnlyForDeploymentPostprocessing = 0;
		};
/* End PBXFrameworksBuildPhase section */

/* Begin PBXGroup section */
		3D725E5E2EAABA6200363414 = {
			isa = PBXGroup;
			children = (
				3D725E692EAABA6200363414 /* TriviaApp */,
				3D725E682EAABA6200363414 /* Products */,
			);
			sourceTree = "<group>";
		};
		3D725E682EAABA6200363414 /* Products */ = {
			isa = PBXGroup;
			children = (
				3D725E672EAABA6200363414 /* TriviaApp.app */,
			);
			name = Products;
			sourceTree = "<group>";
		};
		3D725E692EAABA6200363414 /* TriviaApp */ = {
			isa = PBXGroup;
			children = (
				3D725E6A2EAABA6200363414 /* TriviaAppApp.swift */,
				3D725E6C2EAABA6200363414 /* ContentView.swift */,
				3D725E6E2EAABA6600363414 /* Assets.xcassets */,
				3D725E702EAABA6600363414 /* Preview Content */,
				3D725E782EAABA8100363414 /* Model.swift */,
				3D725E7A2EAABABE00363414 /* ViewModel.swift */,
				3D725E7C2EAEE87300363414 /* OptionsView.swift */,
				3D725E7E2EAEE88100363414 /* QuestionCardView.swift */,
				3D725E802EAEE89300363414 /* QuestionListRow.swift */,
				3D725E822EAEE8A300363414 /* AnswerRow.swift */,
				3D725E842EAEE8B000363414 /* GameView.swift */,
			);
			path = TriviaApp;
			sourceTree = "<group>";
		};
		3D725E702EAABA6600363414 /* Preview Content */ = {
			isa = PBXGroup;
			children = (
				3D725E712EAABA6600363414 /* Preview Assets.xcassets */,
			);
			path = "Preview Content";
			sourceTree = "<group>";
		};
/* End PBXGroup section */

/* Begin PBXNativeTarget section */
		3D725E662EAABA6200363414 /* TriviaApp */ = {
			isa = PBXNativeTarget;
			buildConfigurationList = 3D725E752EAABA6600363414 /* Build configuration list for PBXNativeTarget "TriviaApp" */;
			buildPhases = (
				3D725E632EAABA6200363414 /* Sources */,
				3D725E642EAABA6200363414 /* Frameworks */,
				3D725E652EAABA6200363414 /* Resources */,
			);
			buildRules = (
			);
			dependencies = (
			);
			name = TriviaApp;
			productName = TriviaApp;
			productReference = 3D725E672EAABA6200363414 /* TriviaApp.app */;
			productType = "com.apple.product-type.application";
		};
/* End PBXNativeTarget section */

/* Begin PBXProject section */
		3D725E5F2EAABA6200363414 /* Project object */ = {
			isa = PBXProject;
			attributes = {
				BuildIndependentTargetsInParallel = 1;
				LastSwiftUpdateCheck = 1540;
				LastUpgradeCheck = 1540;
				TargetAttributes = {
					3D725E662EAABA6200363414 = {
						CreatedOnToolsVersion = 15.4;
					};
				};
			};
			buildConfigurationList = 3D725E622EAABA6200363414 /* Build configuration list for PBXProject "TriviaApp" */;
			compatibilityVersion = "Xcode 14.0";
			developmentRegion = en;
			hasScannedForEncodings = 0;
			knownRegions = (
				en,
				Base,
			);
			mainGroup = 3D725E5E2EAABA6200363414;
			productRefGroup = 3D725E682EAABA6200363414 /* Products */;
			projectDirPath = "";
			projectRoot = "";
			targets = (
				3D725E662EAABA6200363414 /* TriviaApp */,
			);
		};
/* End PBXProject section */

/* Begin PBXResourcesBuildPhase section */
		3D725E652EAABA6200363414 /* Resources */ = {
			isa = PBXResourcesBuildPhase;
			buildActionMask = 2147483647;
			files = (
				3D725E722EAABA6600363414 /* Preview Assets.xcassets in Resources */,
				3D725E6F2EAABA6600363414 /* Assets.xcassets in Resources */,
			);
			runOnlyForDeploymentPostprocessing = 0;
		};
/* End PBXResourcesBuildPhase section */

/* Begin PBXSourcesBuildPhase section */
		3D725E632EAABA6200363414 /* Sources */ = {
			isa = PBXSourcesBuildPhase;
			buildActionMask = 2147483647;
			files = (
				3D725E792EAABA8100363414 /* Model.swift in Sources */,
				3D725E6D2EAABA6200363414 /* ContentView.swift in Sources */,
				3D725E832EAEE8A300363414 /* AnswerRow.swift in Sources */,
				3D725E7F2EAEE88100363414 /* QuestionCardView.swift in Sources */,
				3D725E852EAEE8B000363414 /* GameView.swift in Sources */,
				3D725E7B2EAABABE00363414 /* ViewModel.swift in Sources */,
				3D725E7D2EAEE87300363414 /* OptionsView.swift in Sources */,
				3D725E6B2EAABA6200363414 /* TriviaAppApp.swift in Sources */,
				3D725E812EAEE89300363414 /* QuestionListRow.swift in Sources */,
			);
			runOnlyForDeploymentPostprocessing = 0;
		};
/* End PBXSourcesBuildPhase section */

/* Begin XCBuildConfiguration section */
		3D725E732EAABA6600363414 /* Debug */ = {
			isa = XCBuildConfiguration;
			buildSettings = {
				ALWAYS_SEARCH_USER_PATHS = NO;
				ASSETCATALOG_COMPILER_GENERATE_SWIFT_ASSET_SYMBOL_EXTENSIONS = YES;
				CLANG_ANALYZER_NONNULL = YES;
				CLANG_ANALYZER_NUMBER_OBJECT_CONVERSION = YES_AGGRESSIVE;
				CLANG_CXX_LANGUAGE_STANDARD = "gnu++20";
				CLANG_ENABLE_MODULES = YES;
				CLANG_ENABLE_OBJC_ARC = YES;
				CLANG_ENABLE_OBJC_WEAK = YES;
				CLANG_WARN_BLOCK_CAPTURE_AUTORELEASING = YES;
				CLANG_WARN_BOOL_CONVERSION = YES;
				CLANG_WARN_COMMA = YES;
				CLANG_WARN_CONSTANT_CONVERSION = YES;
				CLANG_WARN_DEPRECATED_OBJC_IMPLEMENTATIONS = YES;
				CLANG_WARN_DIRECT_OBJC_ISA_USAGE = YES_ERROR;
				CLANG_WARN_DOCUMENTATION_COMMENTS = YES;
				CLANG_WARN_EMPTY_BODY = YES;
				CLANG_WARN_ENUM_CONVERSION = YES;
				CLANG_WARN_INFINITE_RECURSION = YES;
				CLANG_WARN_INT_CONVERSION = YES;
				CLANG_WARN_NON_LITERAL_NULL_CONVERSION = YES;
				CLANG_WARN_OBJC_IMPLICIT_RETAIN_SELF = YES;
				CLANG_WARN_OBJC_LITERAL_CONVERSION = YES;
				CLANG_WARN_OBJC_ROOT_CLASS = YES_ERROR;
				CLANG_WARN_QUOTED_INCLUDE_IN_FRAMEWORK_HEADER = YES;
				CLANG_WARN_RANGE_LOOP_ANALYSIS = YES;
				CLANG_WARN_STRICT_PROTOTYPES = YES;
				CLANG_WARN_SUSPICIOUS_MOVE = YES;
				CLANG_WARN_UNGUARDED_AVAILABILITY = YES_AGGRESSIVE;
				CLANG_WARN_UNREACHABLE_CODE = YES;
				CLANG_WARN__DUPLICATE_METHOD_MATCH = YES;
				COPY_PHASE_STRIP = NO;
				DEBUG_INFORMATION_FORMAT = dwarf;
				ENABLE_STRICT_OBJC_MSGSEND = YES;
				ENABLE_TESTABILITY = YES;
				ENABLE_USER_SCRIPT_SANDBOXING = YES;
				GCC_C_LANGUAGE_STANDARD = gnu17;
				GCC_DYNAMIC_NO_PIC = NO;
				GCC_NO_COMMON_BLOCKS = YES;
				GCC_OPTIMIZATION_LEVEL = 0;
				GCC_PREPROCESSOR_DEFINITIONS = (
					"DEBUG=1",
					"$(inherited)",
				);
				GCC_WARN_64_TO_32_BIT_CONVERSION = YES;
				GCC_WARN_ABOUT_RETURN_TYPE = YES_ERROR;
				GCC_WARN_UNDECLARED_SELECTOR = YES;
				GCC_WARN_UNINITIALIZED_AUTOS = YES_AGGRESSIVE;
				GCC_WARN_UNUSED_FUNCTION = YES;
				GCC_WARN_UNUSED_VARIABLE = YES;
				IPHONEOS_DEPLOYMENT_TARGET = 17.5;
				LOCALIZATION_PREFERS_STRING_CATALOGS = YES;
				MTL_ENABLE_DEBUG_INFO = INCLUDE_SOURCE;
				MTL_FAST_MATH = YES;
				ONLY_ACTIVE_ARCH = YES;
				SDKROOT = iphoneos;
				SWIFT_ACTIVE_COMPILATION_CONDITIONS = "DEBUG $(inherited)";
				SWIFT_OPTIMIZATION_LEVEL = "-Onone";
			};
			name = Debug;
		};
		3D725E742EAABA6600363414 /* Release */ = {
			isa = XCBuildConfiguration;
			buildSettings = {
				ALWAYS_SEARCH_USER_PATHS = NO;
				ASSETCATALOG_COMPILER_GENERATE_SWIFT_ASSET_SYMBOL_EXTENSIONS = YES;
				CLANG_ANALYZER_NONNULL = YES;
				CLANG_ANALYZER_NUMBER_OBJECT_CONVERSION = YES_AGGRESSIVE;
				CLANG_CXX_LANGUAGE_STANDARD = "gnu++20";
				CLANG_ENABLE_MODULES = YES;
				CLANG_ENABLE_OBJC_ARC = YES;
				CLANG_ENABLE_OBJC_WEAK = YES;
				CLANG_WARN_BLOCK_CAPTURE_AUTORELEASING = YES;
				CLANG_WARN_BOOL_CONVERSION = YES;
				CLANG_WARN_COMMA = YES;
				CLANG_WARN_CONSTANT_CONVERSION = YES;
				CLANG_WARN_DEPRECATED_OBJC_IMPLEMENTATIONS = YES;
				CLANG_WARN_DIRECT_OBJC_ISA_USAGE = YES_ERROR;
				CLANG_WARN_DOCUMENTATION_COMMENTS = YES;
				CLANG_WARN_EMPTY_BODY = YES;
				CLANG_WARN_ENUM_CONVERSION = YES;
				CLANG_WARN_INFINITE_RECURSION = YES;
				CLANG_WARN_INT_CONVERSION = YES;
				CLANG_WARN_NON_LITERAL_NULL_CONVERSION = YES;
				CLANG_WARN_OBJC_IMPLICIT_RETAIN_SELF = YES;
				CLANG_WARN_OBJC_LITERAL_CONVERSION = YES;
				CLANG_WARN_OBJC_ROOT_CLASS = YES_ERROR;
				CLANG_WARN_QUOTED_INCLUDE_IN_FRAMEWORK_HEADER = YES;
				CLANG_WARN_RANGE_LOOP_ANALYSIS = YES;
				CLANG_WARN_STRICT_PROTOTYPES = YES;
				CLANG_WARN_SUSPICIOUS_MOVE = YES;
				CLANG_WARN_UNGUARDED_AVAILABILITY = YES_AGGRESSIVE;
				CLANG_WARN_UNREACHABLE_CODE = YES;
				CLANG_WARN__DUPLICATE_METHOD_MATCH = YES;
				COPY_PHASE_STRIP = NO;
				DEBUG_INFORMATION_FORMAT = "dwarf-with-dsym";
				ENABLE_NS_ASSERTIONS = NO;
				ENABLE_STRICT_OBJC_MSGSEND = YES;
				ENABLE_USER_SCRIPT_SANDBOXING = YES;
				GCC_C_LANGUAGE_STANDARD = gnu17;
				GCC_NO_COMMON_BLOCKS = YES;
				GCC_WARN_64_TO_32_BIT_CONVERSION = YES;
				GCC_WARN_ABOUT_RETURN_TYPE = YES_ERROR;
				GCC_WARN_UNDECLARED_SELECTOR = YES;
				GCC_WARN_UNINITIALIZED_AUTOS = YES_AGGRESSIVE;
				GCC_WARN_UNUSED_FUNCTION = YES;
				GCC_WARN_UNUSED_VARIABLE = YES;
				IPHONEOS_DEPLOYMENT_TARGET = 17.5;
				LOCALIZATION_PREFERS_STRING_CATALOGS = YES;
				MTL_ENABLE_DEBUG_INFO = NO;
				MTL_FAST_MATH = YES;
				SDKROOT = iphoneos;
				SWIFT_COMPILATION_MODE = wholemodule;
				VALIDATE_PRODUCT = YES;
			};
			name = Release;
		};
		3D725E762EAABA6600363414 /* Debug */ = {
			isa = XCBuildConfiguration;
			buildSettings = {
				ASSETCATALOG_COMPILER_APPICON_NAME = AppIcon;
				ASSETCATALOG_COMPILER_GLOBAL_ACCENT_COLOR_NAME = AccentColor;
				CODE_SIGN_STYLE = Automatic;
				CURRENT_PROJECT_VERSION = 1;
				DEVELOPMENT_ASSET_PATHS = "\"TriviaApp/Preview Content\"";
				DEVELOPMENT_TEAM = 2WRH48XVUZ;
				ENABLE_PREVIEWS = YES;
				GENERATE_INFOPLIST_FILE = YES;
				INFOPLIST_KEY_UIApplicationSceneManifest_Generation = YES;
				INFOPLIST_KEY_UIApplicationSupportsIndirectInputEvents = YES;
				INFOPLIST_KEY_UILaunchScreen_Generation = YES;
				INFOPLIST_KEY_UISupportedInterfaceOrientations_iPad = "UIInterfaceOrientationPortrait UIInterfaceOrientationPortraitUpsideDown UIInterfaceOrientationLandscapeLeft UIInterfaceOrientationLandscapeRight";
				INFOPLIST_KEY_UISupportedInterfaceOrientations_iPhone = "UIInterfaceOrientationPortrait UIInterfaceOrientationLandscapeLeft UIInterfaceOrientationLandscapeRight";
				LD_RUNPATH_SEARCH_PATHS = (
					"$(inherited)",
					"@executable_path/Frameworks",
				);
				MARKETING_VERSION = 1.0;
				PRODUCT_BUNDLE_IDENTIFIER = com.Abhijeet.TriviaApp;
				PRODUCT_NAME = "$(TARGET_NAME)";
				SWIFT_EMIT_LOC_STRINGS = YES;
				SWIFT_VERSION = 5.0;
				TARGETED_DEVICE_FAMILY = "1,2";
			};
			name = Debug;
		};
		3D725E772EAABA6600363414 /* Release */ = {
			isa = XCBuildConfiguration;
			buildSettings = {
				ASSETCATALOG_COMPILER_APPICON_NAME = AppIcon;
				ASSETCATALOG_COMPILER_GLOBAL_ACCENT_COLOR_NAME = AccentColor;
				CODE_SIGN_STYLE = Automatic;
				CURRENT_PROJECT_VERSION = 1;
				DEVELOPMENT_ASSET_PATHS = "\"TriviaApp/Preview Content\"";
				DEVELOPMENT_TEAM = 2WRH48XVUZ;
				ENABLE_PREVIEWS = YES;
				GENERATE_INFOPLIST_FILE = YES;
				INFOPLIST_KEY_UIApplicationSceneManifest_Generation = YES;
				INFOPLIST_KEY_UIApplicationSupportsIndirectInputEvents = YES;
				INFOPLIST_KEY_UILaunchScreen_Generation = YES;
				INFOPLIST_KEY_UISupportedInterfaceOrientations_iPad = "UIInterfaceOrientationPortrait UIInterfaceOrientationPortraitUpsideDown UIInterfaceOrientationLandscapeLeft UIInterfaceOrientationLandscapeRight";
				INFOPLIST_KEY_UISupportedInterfaceOrientations_iPhone = "UIInterfaceOrientationPortrait UIInterfaceOrientationLandscapeLeft UIInterfaceOrientationLandscapeRight";
				LD_RUNPATH_SEARCH_PATHS = (
					"$(inherited)",
					"@executable_path/Frameworks",
				);
				MARKETING_VERSION = 1.0;
				PRODUCT_BUNDLE_IDENTIFIER = com.Abhijeet.TriviaApp;
				PRODUCT_NAME = "$(TARGET_NAME)";
				SWIFT_EMIT_LOC_STRINGS = YES;
				SWIFT_VERSION = 5.0;
				TARGETED_DEVICE_FAMILY = "1,2";
			};
			name = Release;
		};
/* End XCBuildConfiguration section */

/* Begin XCConfigurationList section */
		3D725E622EAABA6200363414 /* Build configuration list for PBXProject "TriviaApp" */ = {
			isa = XCConfigurationList;
			buildConfigurations = (
				3D725E732EAABA6600363414 /* Debug */,
				3D725E742EAABA6600363414 /* Release */,
			);
			defaultConfigurationIsVisible = 0;
			defaultConfigurationName = Release;
		};
		3D725E752EAABA6600363414 /* Build configuration list for PBXNativeTarget "TriviaApp" */ = {
			isa = XCConfigurationList;
			buildConfigurations = (
				3D725E762EAABA6600363414 /* Debug */,
				3D725E772EAABA6600363414 /* Release */,
			);
			defaultConfigurationIsVisible = 0;
			defaultConfigurationName = Release;
		};
/* End XCConfigurationList section */
	};
	rootObject = 3D725E5F2EAABA6200363414 /* Project object */;
}
