// !$*UTF8*$!
{
	archiveVersion = 1;
	classes = {
	};
	objectVersion = 56;
	objects = {

/* Begin PBXBuildFile section */
		3D898D232E635ADB003E3902 /* AppDelegate.swift in Sources */ = {isa = PBXBuildFile; fileRef = 3D898D222E635ADB003E3902 /* AppDelegate.swift */; };
		3D898D252E635ADB003E3902 /* SceneDelegate.swift in Sources */ = {isa = PBXBuildFile; fileRef = 3D898D242E635ADB003E3902 /* SceneDelegate.swift */; };
		3D898D272E635ADB003E3902 /* ViewController.swift in Sources */ = {isa = PBXBuildFile; fileRef = 3D898D262E635ADB003E3902 /* ViewController.swift */; };
		3D898D2A2E635ADB003E3902 /* Base in Resources */ = {isa = PBXBuildFile; fileRef = 3D898D292E635ADB003E3902 /* Base */; };
		3D898D2C2E635ADE003E3902 /* Assets.xcassets in Resources */ = {isa = PBXBuildFile; fileRef = 3D898D2B2E635ADE003E3902 /* Assets.xcassets */; };
		3D898D2F2E635ADE003E3902 /* Base in Resources */ = {isa = PBXBuildFile; fileRef = 3D898D2E2E635ADE003E3902 /* Base */; };
		3D898D372E635E1D003E3902 /* Task.swift in Sources */ = {isa = PBXBuildFile; fileRef = 3D898D362E635E1D003E3902 /* Task.swift */; };
		3D898D392E636152003E3902 /* TaskTableViewCell.swift in Sources */ = {isa = PBXBuildFile; fileRef = 3D898D382E636152003E3902 /* TaskTableViewCell.swift */; };
		3D898D3B2E636CBF003E3902 /* DetailViewController.swift in Sources */ = {isa = PBXBuildFile; fileRef = 3D898D3A2E636CBF003E3902 /* DetailViewController.swift */; };
		3D898D3D2E636CD6003E3902 /* DetailView.storyboard in Resources */ = {isa = PBXBuildFile; fileRef = 3D898D3C2E636CD6003E3902 /* DetailView.storyboard */; };
		3D9A9F812E6E5AEA00777E2C /* NewTask.storyboard in Resources */ = {isa = PBXBuildFile; fileRef = 3D9A9F802E6E5AEA00777E2C /* NewTask.storyboard */; };
		3D9A9F832E6E5AFF00777E2C /* NewTaskViewController.swift in Sources */ = {isa = PBXBuildFile; fileRef = 3D9A9F822E6E5AFF00777E2C /* NewTaskViewController.swift */; };
/* End PBXBuildFile section */

/* Begin PBXFileReference section */
		3D898D1F2E635ADB003E3902 /* PhotoScavengersApp.app */ = {isa = PBXFileReference; explicitFileType = wrapper.application; includeInIndex = 0; path = PhotoScavengersApp.app; sourceTree = BUILT_PRODUCTS_DIR; };
		3D898D222E635ADB003E3902 /* AppDelegate.swift */ = {isa = PBXFileReference; lastKnownFileType = sourcecode.swift; path = AppDelegate.swift; sourceTree = "<group>"; };
		3D898D242E635ADB003E3902 /* SceneDelegate.swift */ = {isa = PBXFileReference; lastKnownFileType = sourcecode.swift; path = SceneDelegate.swift; sourceTree = "<group>"; };
		3D898D262E635ADB003E3902 /* ViewController.swift */ = {isa = PBXFileReference; lastKnownFileType = sourcecode.swift; path = ViewController.swift; sourceTree = "<group>"; };
		3D898D292E635ADB003E3902 /* Base */ = {isa = PBXFileReference; lastKnownFileType = file.storyboard; name = Base; path = Base.lproj/Main.storyboard; sourceTree = "<group>"; };
		3D898D2B2E635ADE003E3902 /* Assets.xcassets */ = {isa = PBXFileReference; lastKnownFileType = folder.assetcatalog; path = Assets.xcassets; sourceTree = "<group>"; };
		3D898D2E2E635ADE003E3902 /* Base */ = {isa = PBXFileReference; lastKnownFileType = file.storyboard; name = Base; path = Base.lproj/LaunchScreen.storyboard; sourceTree = "<group>"; };
		3D898D302E635ADE003E3902 /* Info.plist */ = {isa = PBXFileReference; lastKnownFileType = text.plist.xml; path = Info.plist; sourceTree = "<group>"; };
		3D898D362E635E1D003E3902 /* Task.swift */ = {isa = PBXFileReference; lastKnownFileType = sourcecode.swift; path = Task.swift; sourceTree = "<group>"; };
		3D898D382E636152003E3902 /* TaskTableViewCell.swift */ = {isa = PBXFileReference; lastKnownFileType = sourcecode.swift; path = TaskTableViewCell.swift; sourceTree = "<group>"; };
		3D898D3A2E636CBF003E3902 /* DetailViewController.swift */ = {isa = PBXFileReference; lastKnownFileType = sourcecode.swift; path = DetailViewController.swift; sourceTree = "<group>"; };
		3D898D3C2E636CD6003E3902 /* DetailView.storyboard */ = {isa = PBXFileReference; lastKnownFileType = file.storyboard; path = DetailView.storyboard; sourceTree = "<group>"; };
		3D9A9F802E6E5AEA00777E2C /* NewTask.storyboard */ = {isa = PBXFileReference; lastKnownFileType = file.storyboard; path = NewTask.storyboard; sourceTree = "<group>"; };
		3D9A9F822E6E5AFF00777E2C /* NewTaskViewController.swift */ = {isa = PBXFileReference; lastKnownFileType = sourcecode.swift; path = NewTaskViewController.swift; sourceTree = "<group>"; };
/* End PBXFileReference section */

/* Begin PBXFrameworksBuildPhase section */
		3D898D1C2E635ADB003E3902 /* Frameworks */ = {
			isa = PBXFrameworksBuildPhase;
			buildActionMask = 2147483647;
			files = (
			);
			runOnlyForDeploymentPostprocessing = 0;
		};
/* End PBXFrameworksBuildPhase section */

/* Begin PBXGroup section */
		3D898D162E635ADB003E3902 = {
			isa = PBXGroup;
			children = (
				3D898D212E635ADB003E3902 /* PhotoScavengersApp */,
				3D898D202E635ADB003E3902 /* Products */,
			);
			sourceTree = "<group>";
		};
		3D898D202E635ADB003E3902 /* Products */ = {
			isa = PBXGroup;
			children = (
				3D898D1F2E635ADB003E3902 /* PhotoScavengersApp.app */,
			);
			name = Products;
			sourceTree = "<group>";
		};
		3D898D212E635ADB003E3902 /* PhotoScavengersApp */ = {
			isa = PBXGroup;
			children = (
				3D898D222E635ADB003E3902 /* AppDelegate.swift */,
				3D898D242E635ADB003E3902 /* SceneDelegate.swift */,
				3D898D262E635ADB003E3902 /* ViewController.swift */,
				3D898D282E635ADB003E3902 /* Main.storyboard */,
				3D898D2B2E635ADE003E3902 /* Assets.xcassets */,
				3D898D2D2E635ADE003E3902 /* LaunchScreen.storyboard */,
				3D898D302E635ADE003E3902 /* Info.plist */,
				3D898D362E635E1D003E3902 /* Task.swift */,
				3D898D382E636152003E3902 /* TaskTableViewCell.swift */,
				3D898D3A2E636CBF003E3902 /* DetailViewController.swift */,
				3D898D3C2E636CD6003E3902 /* DetailView.storyboard */,
				3D9A9F802E6E5AEA00777E2C /* NewTask.storyboard */,
				3D9A9F822E6E5AFF00777E2C /* NewTaskViewController.swift */,
			);
			path = PhotoScavengersApp;
			sourceTree = "<group>";
		};
/* End PBXGroup section */

/* Begin PBXNativeTarget section */
		3D898D1E2E635ADB003E3902 /* PhotoScavengersApp */ = {
			isa = PBXNativeTarget;
			buildConfigurationList = 3D898D332E635ADE003E3902 /* Build configuration list for PBXNativeTarget "PhotoScavengersApp" */;
			buildPhases = (
				3D898D1B2E635ADB003E3902 /* Sources */,
				3D898D1C2E635ADB003E3902 /* Frameworks */,
				3D898D1D2E635ADB003E3902 /* Resources */,
			);
			buildRules = (
			);
			dependencies = (
			);
			name = PhotoScavengersApp;
			productName = PhotoScavengersApp;
			productReference = 3D898D1F2E635ADB003E3902 /* PhotoScavengersApp.app */;
			productType = "com.apple.product-type.application";
		};
/* End PBXNativeTarget section */

/* Begin PBXProject section */
		3D898D172E635ADB003E3902 /* Project object */ = {
			isa = PBXProject;
			attributes = {
				BuildIndependentTargetsInParallel = 1;
				LastSwiftUpdateCheck = 1540;
				LastUpgradeCheck = 1540;
				TargetAttributes = {
					3D898D1E2E635ADB003E3902 = {
						CreatedOnToolsVersion = 15.4;
					};
				};
			};
			buildConfigurationList = 3D898D1A2E635ADB003E3902 /* Build configuration list for PBXProject "PhotoScavengersApp" */;
			compatibilityVersion = "Xcode 14.0";
			developmentRegion = en;
			hasScannedForEncodings = 0;
			knownRegions = (
				en,
				Base,
			);
			mainGroup = 3D898D162E635ADB003E3902;
			productRefGroup = 3D898D202E635ADB003E3902 /* Products */;
			projectDirPath = "";
			projectRoot = "";
			targets = (
				3D898D1E2E635ADB003E3902 /* PhotoScavengersApp */,
			);
		};
/* End PBXProject section */

/* Begin PBXResourcesBuildPhase section */
		3D898D1D2E635ADB003E3902 /* Resources */ = {
			isa = PBXResourcesBuildPhase;
			buildActionMask = 2147483647;
			files = (
				3D898D2C2E635ADE003E3902 /* Assets.xcassets in Resources */,
				3D9A9F812E6E5AEA00777E2C /* NewTask.storyboard in Resources */,
				3D898D2F2E635ADE003E3902 /* Base in Resources */,
				3D898D3D2E636CD6003E3902 /* DetailView.storyboard in Resources */,
				3D898D2A2E635ADB003E3902 /* Base in Resources */,
			);
			runOnlyForDeploymentPostprocessing = 0;
		};
/* End PBXResourcesBuildPhase section */

/* Begin PBXSourcesBuildPhase section */
		3D898D1B2E635ADB003E3902 /* Sources */ = {
			isa = PBXSourcesBuildPhase;
			buildActionMask = 2147483647;
			files = (
				3D898D372E635E1D003E3902 /* Task.swift in Sources */,
				3D9A9F832E6E5AFF00777E2C /* NewTaskViewController.swift in Sources */,
				3D898D272E635ADB003E3902 /* ViewController.swift in Sources */,
				3D898D392E636152003E3902 /* TaskTableViewCell.swift in Sources */,
				3D898D3B2E636CBF003E3902 /* DetailViewController.swift in Sources */,
				3D898D232E635ADB003E3902 /* AppDelegate.swift in Sources */,
				3D898D252E635ADB003E3902 /* SceneDelegate.swift in Sources */,
			);
			runOnlyForDeploymentPostprocessing = 0;
		};
/* End PBXSourcesBuildPhase section */

/* Begin PBXVariantGroup section */
		3D898D282E635ADB003E3902 /* Main.storyboard */ = {
			isa = PBXVariantGroup;
			children = (
				3D898D292E635ADB003E3902 /* Base */,
			);
			name = Main.storyboard;
			sourceTree = "<group>";
		};
		3D898D2D2E635ADE003E3902 /* LaunchScreen.storyboard */ = {
			isa = PBXVariantGroup;
			children = (
				3D898D2E2E635ADE003E3902 /* Base */,
			);
			name = LaunchScreen.storyboard;
			sourceTree = "<group>";
		};
/* End PBXVariantGroup section */

/* Begin XCBuildConfiguration section */
		3D898D312E635ADE003E3902 /* Debug */ = {
			isa = XCBuildConfiguration;
			buildSettings = {
				ALWAYS_SEARCH_USER_PATHS = NO;
				ASSETCATALOG_COMPILER_GENERATE_SWIFT_ASSET_SYMBOL_EXTENSIONS = YES;
				CLANG_ANALYZER_NONNULL = YES;
				CLANG_ANALYZER_NUMBER_OBJECT_CONVERSION = YES_AGGRESSIVE;
				CLANG_CXX_LANGUAGE_STANDARD = "gnu++20";
				CLANG_ENABLE_MODULES = YES;
				CLANG_ENABLE_OBJC_ARC = YES;
				CLANG_ENABLE_OBJC_WEAK = YES;
				CLANG_WARN_BLOCK_CAPTURE_AUTORELEASING = YES;
				CLANG_WARN_BOOL_CONVERSION = YES;
				CLANG_WARN_COMMA = YES;
				CLANG_WARN_CONSTANT_CONVERSION = YES;
				CLANG_WARN_DEPRECATED_OBJC_IMPLEMENTATIONS = YES;
				CLANG_WARN_DIRECT_OBJC_ISA_USAGE = YES_ERROR;
				CLANG_WARN_DOCUMENTATION_COMMENTS = YES;
				CLANG_WARN_EMPTY_BODY = YES;
				CLANG_WARN_ENUM_CONVERSION = YES;
				CLANG_WARN_INFINITE_RECURSION = YES;
				CLANG_WARN_INT_CONVERSION = YES;
				CLANG_WARN_NON_LITERAL_NULL_CONVERSION = YES;
				CLANG_WARN_OBJC_IMPLICIT_RETAIN_SELF = YES;
				CLANG_WARN_OBJC_LITERAL_CONVERSION = YES;
				CLANG_WARN_OBJC_ROOT_CLASS = YES_ERROR;
				CLANG_WARN_QUOTED_INCLUDE_IN_FRAMEWORK_HEADER = YES;
				CLANG_WARN_RANGE_LOOP_ANALYSIS = YES;
				CLANG_WARN_STRICT_PROTOTYPES = YES;
				CLANG_WARN_SUSPICIOUS_MOVE = YES;
				CLANG_WARN_UNGUARDED_AVAILABILITY = YES_AGGRESSIVE;
				CLANG_WARN_UNREACHABLE_CODE = YES;
				CLANG_WARN__DUPLICATE_METHOD_MATCH = YES;
				COPY_PHASE_STRIP = NO;
				DEBUG_INFORMATION_FORMAT = dwarf;
				ENABLE_STRICT_OBJC_MSGSEND = YES;
				ENABLE_TESTABILITY = YES;
				ENABLE_USER_SCRIPT_SANDBOXING = YES;
				GCC_C_LANGUAGE_STANDARD = gnu17;
				GCC_DYNAMIC_NO_PIC = NO;
				GCC_NO_COMMON_BLOCKS = YES;
				GCC_OPTIMIZATION_LEVEL = 0;
				GCC_PREPROCESSOR_DEFINITIONS = (
					"DEBUG=1",
					"$(inherited)",
				);
				GCC_WARN_64_TO_32_BIT_CONVERSION = YES;
				GCC_WARN_ABOUT_RETURN_TYPE = YES_ERROR;
				GCC_WARN_UNDECLARED_SELECTOR = YES;
				GCC_WARN_UNINITIALIZED_AUTOS = YES_AGGRESSIVE;
				GCC_WARN_UNUSED_FUNCTION = YES;
				GCC_WARN_UNUSED_VARIABLE = YES;
				IPHONEOS_DEPLOYMENT_TARGET = 17.5;
				LOCALIZATION_PREFERS_STRING_CATALOGS = YES;
				MTL_ENABLE_DEBUG_INFO = INCLUDE_SOURCE;
				MTL_FAST_MATH = YES;
				ONLY_ACTIVE_ARCH = YES;
				SDKROOT = iphoneos;
				SWIFT_ACTIVE_COMPILATION_CONDITIONS = "DEBUG $(inherited)";
				SWIFT_OPTIMIZATION_LEVEL = "-Onone";
			};
			name = Debug;
		};
		3D898D322E635ADE003E3902 /* Release */ = {
			isa = XCBuildConfiguration;
			buildSettings = {
				ALWAYS_SEARCH_USER_PATHS = NO;
				ASSETCATALOG_COMPILER_GENERATE_SWIFT_ASSET_SYMBOL_EXTENSIONS = YES;
				CLANG_ANALYZER_NONNULL = YES;
				CLANG_ANALYZER_NUMBER_OBJECT_CONVERSION = YES_AGGRESSIVE;
				CLANG_CXX_LANGUAGE_STANDARD = "gnu++20";
				CLANG_ENABLE_MODULES = YES;
				CLANG_ENABLE_OBJC_ARC = YES;
				CLANG_ENABLE_OBJC_WEAK = YES;
				CLANG_WARN_BLOCK_CAPTURE_AUTORELEASING = YES;
				CLANG_WARN_BOOL_CONVERSION = YES;
				CLANG_WARN_COMMA = YES;
				CLANG_WARN_CONSTANT_CONVERSION = YES;
				CLANG_WARN_DEPRECATED_OBJC_IMPLEMENTATIONS = YES;
				CLANG_WARN_DIRECT_OBJC_ISA_USAGE = YES_ERROR;
				CLANG_WARN_DOCUMENTATION_COMMENTS = YES;
				CLANG_WARN_EMPTY_BODY = YES;
				CLANG_WARN_ENUM_CONVERSION = YES;
				CLANG_WARN_INFINITE_RECURSION = YES;
				CLANG_WARN_INT_CONVERSION = YES;
				CLANG_WARN_NON_LITERAL_NULL_CONVERSION = YES;
				CLANG_WARN_OBJC_IMPLICIT_RETAIN_SELF = YES;
				CLANG_WARN_OBJC_LITERAL_CONVERSION = YES;
				CLANG_WARN_OBJC_ROOT_CLASS = YES_ERROR;
				CLANG_WARN_QUOTED_INCLUDE_IN_FRAMEWORK_HEADER = YES;
				CLANG_WARN_RANGE_LOOP_ANALYSIS = YES;
				CLANG_WARN_STRICT_PROTOTYPES = YES;
				CLANG_WARN_SUSPICIOUS_MOVE = YES;
				CLANG_WARN_UNGUARDED_AVAILABILITY = YES_AGGRESSIVE;
				CLANG_WARN_UNREACHABLE_CODE = YES;
				CLANG_WARN__DUPLICATE_METHOD_MATCH = YES;
				COPY_PHASE_STRIP = NO;
				DEBUG_INFORMATION_FORMAT = "dwarf-with-dsym";
				ENABLE_NS_ASSERTIONS = NO;
				ENABLE_STRICT_OBJC_MSGSEND = YES;
				ENABLE_USER_SCRIPT_SANDBOXING = YES;
				GCC_C_LANGUAGE_STANDARD = gnu17;
				GCC_NO_COMMON_BLOCKS = YES;
				GCC_WARN_64_TO_32_BIT_CONVERSION = YES;
				GCC_WARN_ABOUT_RETURN_TYPE = YES_ERROR;
				GCC_WARN_UNDECLARED_SELECTOR = YES;
				GCC_WARN_UNINITIALIZED_AUTOS = YES_AGGRESSIVE;
				GCC_WARN_UNUSED_FUNCTION = YES;
				GCC_WARN_UNUSED_VARIABLE = YES;
				IPHONEOS_DEPLOYMENT_TARGET = 17.5;
				LOCALIZATION_PREFERS_STRING_CATALOGS = YES;
				MTL_ENABLE_DEBUG_INFO = NO;
				MTL_FAST_MATH = YES;
				SDKROOT = iphoneos;
				SWIFT_COMPILATION_MODE = wholemodule;
				VALIDATE_PRODUCT = YES;
			};
			name = Release;
		};
		3D898D342E635ADE003E3902 /* Debug */ = {
			isa = XCBuildConfiguration;
			buildSettings = {
				ASSETCATALOG_COMPILER_APPICON_NAME = AppIcon;
				ASSETCATALOG_COMPILER_GLOBAL_ACCENT_COLOR_NAME = AccentColor;
				CODE_SIGN_STYLE = Automatic;
				CURRENT_PROJECT_VERSION = 1;
				DEVELOPMENT_TEAM = 2WRH48XVUZ;
				GENERATE_INFOPLIST_FILE = YES;
				INFOPLIST_FILE = PhotoScavengersApp/Info.plist;
				INFOPLIST_KEY_UIApplicationSupportsIndirectInputEvents = YES;
				INFOPLIST_KEY_UILaunchStoryboardName = LaunchScreen;
				INFOPLIST_KEY_UIMainStoryboardFile = Main;
				INFOPLIST_KEY_UISupportedInterfaceOrientations_iPad = "UIInterfaceOrientationPortrait UIInterfaceOrientationPortraitUpsideDown UIInterfaceOrientationLandscapeLeft UIInterfaceOrientationLandscapeRight";
				INFOPLIST_KEY_UISupportedInterfaceOrientations_iPhone = "UIInterfaceOrientationPortrait UIInterfaceOrientationLandscapeLeft UIInterfaceOrientationLandscapeRight";
				LD_RUNPATH_SEARCH_PATHS = (
					"$(inherited)",
					"@executable_path/Frameworks",
				);
				MARKETING_VERSION = 1.0;
				PRODUCT_BUNDLE_IDENTIFIER = com.Abhijeet.PhotoScavengersApp;
				PRODUCT_NAME = "$(TARGET_NAME)";
				SWIFT_EMIT_LOC_STRINGS = YES;
				SWIFT_VERSION = 5.0;
				TARGETED_DEVICE_FAMILY = "1,2";
			};
			name = Debug;
		};
		3D898D352E635ADE003E3902 /* Release */ = {
			isa = XCBuildConfiguration;
			buildSettings = {
				ASSETCATALOG_COMPILER_APPICON_NAME = AppIcon;
				ASSETCATALOG_COMPILER_GLOBAL_ACCENT_COLOR_NAME = AccentColor;
				CODE_SIGN_STYLE = Automatic;
				CURRENT_PROJECT_VERSION = 1;
				DEVELOPMENT_TEAM = 2WRH48XVUZ;
				GENERATE_INFOPLIST_FILE = YES;
				INFOPLIST_FILE = PhotoScavengersApp/Info.plist;
				INFOPLIST_KEY_UIApplicationSupportsIndirectInputEvents = YES;
				INFOPLIST_KEY_UILaunchStoryboardName = LaunchScreen;
				INFOPLIST_KEY_UIMainStoryboardFile = Main;
				INFOPLIST_KEY_UISupportedInterfaceOrientations_iPad = "UIInterfaceOrientationPortrait UIInterfaceOrientationPortraitUpsideDown UIInterfaceOrientationLandscapeLeft UIInterfaceOrientationLandscapeRight";
				INFOPLIST_KEY_UISupportedInterfaceOrientations_iPhone = "UIInterfaceOrientationPortrait UIInterfaceOrientationLandscapeLeft UIInterfaceOrientationLandscapeRight";
				LD_RUNPATH_SEARCH_PATHS = (
					"$(inherited)",
					"@executable_path/Frameworks",
				);
				MARKETING_VERSION = 1.0;
				PRODUCT_BUNDLE_IDENTIFIER = com.Abhijeet.PhotoScavengersApp;
				PRODUCT_NAME = "$(TARGET_NAME)";
				SWIFT_EMIT_LOC_STRINGS = YES;
				SWIFT_VERSION = 5.0;
				TARGETED_DEVICE_FAMILY = "1,2";
			};
			name = Release;
		};
/* End XCBuildConfiguration section */

/* Begin XCConfigurationList section */
		3D898D1A2E635ADB003E3902 /* Build configuration list for PBXProject "PhotoScavengersApp" */ = {
			isa = XCConfigurationList;
			buildConfigurations = (
				3D898D312E635ADE003E3902 /* Debug */,
				3D898D322E635ADE003E3902 /* Release */,
			);
			defaultConfigurationIsVisible = 0;
			defaultConfigurationName = Release;
		};
		3D898D332E635ADE003E3902 /* Build configuration list for PBXNativeTarget "PhotoScavengersApp" */ = {
			isa = XCConfigurationList;
			buildConfigurations = (
				3D898D342E635ADE003E3902 /* Debug */,
				3D898D352E635ADE003E3902 /* Release */,
			);
			defaultConfigurationIsVisible = 0;
			defaultConfigurationName = Release;
		};
/* End XCConfigurationList section */
	};
	rootObject = 3D898D172E635ADB003E3902 /* Project object */;
}
